
Microsoft Visual Studio Solution File, Format Version 12.00
# Visual Studio 15
VisualStudioVersion = 15.0.28010.2016
MinimumVisualStudioVersion = 10.0.40219.1
Project("{FAE04EC0-301F-11D3-BF4B-00C04F79EFBC}") = "SharePointProject2", "SharePointProject2\SharePointProject2.csproj", "{371595EA-F762-452F-80BA-0300CF231DB2}"
EndProject
Project("{FAE04EC0-301F-11D3-BF4B-00C04F79EFBC}") = "SharePointProject5", "SharePointProject5\SharePointProject5.csproj", "{E3FA9B51-7CF8-4219-BB1E-8BC65423EC3C}"
EndProject
Global
	GlobalSection(SolutionConfigurationPlatforms) = preSolution
		Debug|Any CPU = Debug|Any CPU
		Release|Any CPU = Release|Any CPU
	EndGlobalSection
	GlobalSection(ProjectConfigurationPlatforms) = postSolution
		{371595EA-F762-452F-80BA-0300CF231DB2}.Debug|Any CPU.ActiveCfg = Debug|Any CPU
		{371595EA-F762-452F-80BA-0300CF231DB2}.Debug|Any CPU.Build.0 = Debug|Any CPU
		{371595EA-F762-452F-80BA-0300CF231DB2}.Debug|Any CPU.Deploy.0 = Debug|Any CPU
		{371595EA-F762-452F-80BA-0300CF231DB2}.Release|Any CPU.ActiveCfg = Release|Any CPU
		{371595EA-F762-452F-80BA-0300CF231DB2}.Release|Any CPU.Build.0 = Release|Any CPU
		{371595EA-F762-452F-80BA-0300CF231DB2}.Release|Any CPU.Deploy.0 = Release|Any CPU
		{E3FA9B51-7CF8-4219-BB1E-8BC65423EC3C}.Debug|Any CPU.ActiveCfg = Debug|Any CPU
		{E3FA9B51-7CF8-4219-BB1E-8BC65423EC3C}.Debug|Any CPU.Build.0 = Debug|Any CPU
		{E3FA9B51-7CF8-4219-BB1E-8BC65423EC3C}.Debug|Any CPU.Deploy.0 = Debug|Any CPU
		{E3FA9B51-7CF8-4219-BB1E-8BC65423EC3C}.Release|Any CPU.ActiveCfg = Release|Any CPU
		{E3FA9B51-7CF8-4219-BB1E-8BC65423EC3C}.Release|Any CPU.Build.0 = Release|Any CPU
		{E3FA9B51-7CF8-4219-BB1E-8BC65423EC3C}.Release|Any CPU.Deploy.0 = Release|Any CPU
	EndGlobalSection
	GlobalSection(SolutionProperties) = preSolution
		HideSolutionNode = FALSE
	EndGlobalSection
	GlobalSection(ExtensibilityGlobals) = postSolution
		SolutionGuid = {A19A0E75-B5E9-48EB-BBD7-3CBBC67C488D}
	EndGlobalSection
EndGlobal
